
Microsoft Visual Studio Solution File, Format Version 12.00
# Visual Studio Version 17
VisualStudioVersion = 17.4.33205.214
MinimumVisualStudioVersion = 10.0.40219.1
Project("{FAE04EC0-301F-11D3-BF4B-00C04F79EFBC}") = "Lab1", "Lab1\Lab1.csproj", "{AECDDBC8-559A-45E6-8258-4C2C29963F98}"
EndProject
Project("{FAE04EC0-301F-11D3-BF4B-00C04F79EFBC}") = "TestProject", "TestProject\TestProject.csproj", "{D512E3E3-B695-44C1-9C0A-F2A4BD93C393}"
EndProject
Global
	GlobalSection(SolutionConfigurationPlatforms) = preSolution
		Debug|Any CPU = Debug|Any CPU
		Release|Any CPU = Release|Any CPU
	EndGlobalSection
	GlobalSection(ProjectConfigurationPlatforms) = postSolution
		{AECDDBC8-559A-45E6-8258-4C2C29963F98}.Debug|Any CPU.ActiveCfg = Debug|Any CPU
		{AECDDBC8-559A-45E6-8258-4C2C29963F98}.Debug|Any CPU.Build.0 = Debug|Any CPU
		{AECDDBC8-559A-45E6-8258-4C2C29963F98}.Release|Any CPU.ActiveCfg = Release|Any CPU
		{AECDDBC8-559A-45E6-8258-4C2C29963F98}.Release|Any CPU.Build.0 = Release|Any CPU
		{D512E3E3-B695-44C1-9C0A-F2A4BD93C393}.Debug|Any CPU.ActiveCfg = Debug|Any CPU
		{D512E3E3-B695-44C1-9C0A-F2A4BD93C393}.Debug|Any CPU.Build.0 = Debug|Any CPU
		{D512E3E3-B695-44C1-9C0A-F2A4BD93C393}.Release|Any CPU.ActiveCfg = Release|Any CPU
		{D512E3E3-B695-44C1-9C0A-F2A4BD93C393}.Release|Any CPU.Build.0 = Release|Any CPU
	EndGlobalSection
	GlobalSection(SolutionProperties) = preSolution
		HideSolutionNode = FALSE
	EndGlobalSection
	GlobalSection(ExtensibilityGlobals) = postSolution
		SolutionGuid = {39FB0A97-9745-4C77-B7C7-BABB4D28FDFD}
	EndGlobalSection
EndGlobal
